<?xml version="1.0" encoding="utf-8"?>
<Project ToolsVersion="4.0" xmlns="http://schemas.microsoft.com/developer/msbuild/2003">
  <ItemGroup>
    <Filter Include="资源文件">
      <UniqueIdentifier>{67DA6AB6-F800-4c08-8B7A-83BB121AAD01}</UniqueIdentifier>
      <Extensions>rc;ico;cur;bmp;dlg;rc2;rct;bin;rgs;gif;jpg;jpeg;jpe;resx;tiff;tif;png;wav;mfcribbon-ms</Extensions>
    </Filter>
    <Filter Include="图的基本数据结构%28邻接表%29">
      <UniqueIdentifier>{6a22dca3-2d2f-485b-98d0-dffcc318007b}</UniqueIdentifier>
    </Filter>
    <Filter Include="图的基本数据结构%28邻接表%29\头文件">
      <UniqueIdentifier>{93995380-89BD-4b04-88EB-625FBE52EBFB}</UniqueIdentifier>
      <Extensions>h;hh;hpp;hxx;h++;hm;inl;inc;ipp;xsd</Extensions>
    </Filter>
    <Filter Include="图的基本数据结构%28邻接表%29\源文件">
      <UniqueIdentifier>{4FC737F1-C7A5-4376-A066-2A32D752A2FF}</UniqueIdentifier>
      <Extensions>cpp;c;cc;cxx;c++;cppm;ixx;def;odl;idl;hpj;bat;asm;asmx</Extensions>
    </Filter>
    <Filter Include="深度优先遍历">
      <UniqueIdentifier>{f3336647-ecac-46f7-9c89-89affb270e13}</UniqueIdentifier>
    </Filter>
    <Filter Include="深度优先遍历\源文件">
      <UniqueIdentifier>{e701f435-3942-45b1-b117-c634f6fa2a62}</UniqueIdentifier>
    </Filter>
    <Filter Include="深度优先遍历\头文件">
      <UniqueIdentifier>{9e7bc655-da9f-4b2e-851f-5e4adfd21a3c}</UniqueIdentifier>
    </Filter>
    <Filter Include="栈的数据结构">
      <UniqueIdentifier>{a26ff4b2-5ec2-4b67-8051-753398df01a3}</UniqueIdentifier>
    </Filter>
    <Filter Include="栈的数据结构\源文件">
      <UniqueIdentifier>{f7d2acb4-c5eb-4754-a8ae-5a2f5f7a85d2}</UniqueIdentifier>
    </Filter>
    <Filter Include="栈的数据结构\头文件">
      <UniqueIdentifier>{82661659-1242-456a-af33-c7a06fbcd322}</UniqueIdentifier>
    </Filter>
  </ItemGroup>
  <ItemGroup>
    <ClCompile Include="main.c">
      <Filter>图的基本数据结构%28邻接表%29\源文件</Filter>
    </ClCompile>
    <ClCompile Include="ALGraph.c">
      <Filter>图的基本数据结构%28邻接表%29\源文件</Filter>
    </ClCompile>
    <ClCompile Include="DirectEdge.c">
      <Filter>图的基本数据结构%28邻接表%29\源文件</Filter>
    </ClCompile>
    <ClCompile Include="UnDirectEdge.c">
      <Filter>图的基本数据结构%28邻接表%29\源文件</Filter>
    </ClCompile>
    <ClCompile Include="DFS.c">
      <Filter>深度优先遍历\源文件</Filter>
    </ClCompile>
    <ClCompile Include="LinkStack.c">
      <Filter>栈的数据结构\源文件</Filter>
    </ClCompile>
  </ItemGroup>
  <ItemGroup>
    <ClInclude Include="ALGraph.h">
      <Filter>图的基本数据结构%28邻接表%29\头文件</Filter>
    </ClInclude>
    <ClInclude Include="UnDirectEdge.h">
      <Filter>图的基本数据结构%28邻接表%29\头文件</Filter>
    </ClInclude>
    <ClInclude Include="DirectEdge.h">
      <Filter>图的基本数据结构%28邻接表%29\头文件</Filter>
    </ClInclude>
    <ClInclude Include="DFS.h">
      <Filter>深度优先遍历\头文件</Filter>
    </ClInclude>
    <ClInclude Include="LinkStack.h">
      <Filter>栈的数据结构\头文件</Filter>
    </ClInclude>
  </ItemGroup>
</Project>